
Microsoft Visual Studio Solution File, Format Version 12.00
# Visual Studio Version 17
VisualStudioVersion = 17.9.34622.214
MinimumVisualStudioVersion = 10.0.40219.1
Project("{9A19103F-16F7-4668-BE54-9A1E7A4F7556}") = "Shipping", "Shipping\Shipping.csproj", "{4C8022B9-BC83-416A-9E7A-FD6536514302}"
EndProject
Global
	GlobalSection(SolutionConfigurationPlatforms) = preSolution
		Debug|Any CPU = Debug|Any CPU
		Release|Any CPU = Release|Any CPU
	EndGlobalSection
	GlobalSection(ProjectConfigurationPlatforms) = postSolution
		{4C8022B9-BC83-416A-9E7A-FD6536514302}.Debug|Any CPU.ActiveCfg = Debug|Any CPU
		{4C8022B9-BC83-416A-9E7A-FD6536514302}.Debug|Any CPU.Build.0 = Debug|Any CPU
		{4C8022B9-BC83-416A-9E7A-FD6536514302}.Release|Any CPU.ActiveCfg = Release|Any CPU
		{4C8022B9-BC83-416A-9E7A-FD6536514302}.Release|Any CPU.Build.0 = Release|Any CPU
	EndGlobalSection
	GlobalSection(SolutionProperties) = preSolution
		HideSolutionNode = FALSE
	EndGlobalSection
	GlobalSection(ExtensibilityGlobals) = postSolution
		SolutionGuid = {A979D358-C655-458F-9A19-616209593656}
	EndGlobalSection
EndGlobal
